# This file is autogenerated, do not edit; changes may be undone by the next 'dep ensure'.


[[projects]]
  name = "github.com/dimfeld/httptreemux"
  packages = ["."]
  revision = "7f532489e7739b3d49df5c602bf63549881fe753"
  version = "v5.0.1"

[[projects]]
  name = "github.com/openzipkin/zipkin-go"
  packages = [
    ".",
    "idgenerator",
    "model",
    "propagation",
    "reporter",
    "reporter/http"
  ]
  revision = "f197ec29e729f226d23370ea60f0e49b8f44ccf4"
  version = "v0.1.0"

[[projects]]
  name = "github.com/pkg/errors"
  packages = ["."]
  revision = "645ef00459ed84a119197bfb8d8205042c6df63d"
  version = "v0.8.0"

[[projects]]
  name = "go.opencensus.io"
  packages = [
    "exporter/zipkin",
    "internal",
    "trace",
    "trace/internal"
  ]
  revision = "10cec2c05ea2cfb8b0d856711daedc49d8a45c56"
  version = "v0.9.0"

[[projects]]
  name = "gopkg.in/go-playground/validator.v8"
  packages = ["."]
  revision = "5f1438d3fca68893a817e4a66806cea46a9e4ebf"
  version = "v8.18.2"

[solve-meta]
  analyzer-name = "dep"
  analyzer-version = 1
  inputs-digest = "bcc9cc6a9ad28038c0596fecb6c8a78b48490d2eb4a9a6b2daa58b42f05e9507"
  solver-name = "gps-cdcl"
  solver-version = 1
